# THIS IS AN AUTOGENERATED FILE. DO NOT EDIT THIS FILE DIRECTLY.
# yarn lockfile v1


base64-js@^1.5.1:
  version "1.5.1"
  resolved "https://registry.yarnpkg.com/base64-js/-/base64-js-1.5.1.tgz#1b1b440160a5bf7ad40b650f095963481903930a"
  integrity sha512-AKpaYlHn8t4SVbOHCy+b5+KKgvR4vrsD8vbvrbiQJps7fKDTkjkDry6ji0rUJjC0kzbNePLwzxq8iypo41qeWA==

plist@^3.0.1:
  version "3.0.4"
  resolved "https://registry.yarnpkg.com/plist/-/plist-3.0.4.tgz#a62df837e3aed2bb3b735899d510c4f186019cbe"
  integrity sha512-ksrr8y9+nXOxQB2osVNqrgvX/XQPOXaU4BQMKjYq8PvaY1U18mo+fKgBSwzK+luSyinOuPae956lSVcBwxlAMg==
  dependencies:
    base64-js "^1.5.1"
    xmlbuilder "^9.0.7"

xmlbuilder@^9.0.7:
  version "9.0.7"
  resolved "https://registry.yarnpkg.com/xmlbuilder/-/xmlbuilder-9.0.7.tgz#132ee63d2ec5565c557e20f4c22df9aca686b10d"
  integrity sha1-Ey7mPS7FVlxVfiD0wi35rKaGsQ0=
